// !$*UTF8*$!
{
	archiveVersion = 1;
	classes = {
	};
	objectVersion = 50;
	objects = {

/* Begin PBXBuildFile section */
		03FF265F23CCCF5B0096673F /* AppDelegate.swift in Sources */ = {isa = PBXBuildFile; fileRef = 03FF265E23CCCF5B0096673F /* AppDelegate.swift */; };
		03FF266123CCCF5B0096673F /* SceneDelegate.swift in Sources */ = {isa = PBXBuildFile; fileRef = 03FF266023CCCF5B0096673F /* SceneDelegate.swift */; };
		03FF266323CCCF5B0096673F /* ViewController.swift in Sources */ = {isa = PBXBuildFile; fileRef = 03FF266223CCCF5B0096673F /* ViewController.swift */; };
		03FF266623CCCF5B0096673F /* Main.storyboard in Resources */ = {isa = PBXBuildFile; fileRef = 03FF266423CCCF5B0096673F /* Main.storyboard */; };
		03FF266823CCCF5C0096673F /* Assets.xcassets in Resources */ = {isa = PBXBuildFile; fileRef = 03FF266723CCCF5C0096673F /* Assets.xcassets */; };
		03FF266B23CCCF5C0096673F /* LaunchScreen.storyboard in Resources */ = {isa = PBXBuildFile; fileRef = 03FF266923CCCF5C0096673F /* LaunchScreen.storyboard */; };
		03FF267623CCCF5C0096673F /* I_Am_RichTests.swift in Sources */ = {isa = PBXBuildFile; fileRef = 03FF267523CCCF5C0096673F /* I_Am_RichTests.swift */; };
		03FF268123CCCF5C0096673F /* I_Am_RichUITests.swift in Sources */ = {isa = PBXBuildFile; fileRef = 03FF268023CCCF5C0096673F /* I_Am_RichUITests.swift */; };
/* End PBXBuildFile section */

/* Begin PBXContainerItemProxy section */
		03FF267223CCCF5C0096673F /* PBXContainerItemProxy */ = {
			isa = PBXContainerItemProxy;
			containerPortal = 03FF265323CCCF5B0096673F /* Project object */;
			proxyType = 1;
			remoteGlobalIDString = 03FF265A23CCCF5B0096673F;
			remoteInfo = "I Am Rich";
		};
		03FF267D23CCCF5C0096673F /* PBXContainerItemProxy */ = {
			isa = PBXContainerItemProxy;
			containerPortal = 03FF265323CCCF5B0096673F /* Project object */;
			proxyType = 1;
			remoteGlobalIDString = 03FF265A23CCCF5B0096673F;
			remoteInfo = "I Am Rich";
		};
/* End PBXContainerItemProxy section */

/* Begin PBXFileReference section */
		03FF265B23CCCF5B0096673F /* I Am Rich.app */ = {isa = PBXFileReference; explicitFileType = wrapper.application; includeInIndex = 0; path = "I Am Rich.app"; sourceTree = BUILT_PRODUCTS_DIR; };
		03FF265E23CCCF5B0096673F /* AppDelegate.swift */ = {isa = PBXFileReference; lastKnownFileType = sourcecode.swift; path = AppDelegate.swift; sourceTree = "<group>"; };
		03FF266023CCCF5B0096673F /* SceneDelegate.swift */ = {isa = PBXFileReference; lastKnownFileType = sourcecode.swift; path = SceneDelegate.swift; sourceTree = "<group>"; };
		03FF266223CCCF5B0096673F /* ViewController.swift */ = {isa = PBXFileReference; lastKnownFileType = sourcecode.swift; path = ViewController.swift; sourceTree = "<group>"; };
		03FF266523CCCF5B0096673F /* Base */ = {isa = PBXFileReference; lastKnownFileType = file.storyboard; name = Base; path = Base.lproj/Main.storyboard; sourceTree = "<group>"; };
		03FF266723CCCF5C0096673F /* Assets.xcassets */ = {isa = PBXFileReference; lastKnownFileType = folder.assetcatalog; path = Assets.xcassets; sourceTree = "<group>"; };
		03FF266A23CCCF5C0096673F /* Base */ = {isa = PBXFileReference; lastKnownFileType = file.storyboard; name = Base; path = Base.lproj/LaunchScreen.storyboard; sourceTree = "<group>"; };
		03FF266C23CCCF5C0096673F /* Info.plist */ = {isa = PBXFileReference; lastKnownFileType = text.plist.xml; path = Info.plist; sourceTree = "<group>"; };
		03FF267123CCCF5C0096673F /* I Am RichTests.xctest */ = {isa = PBXFileReference; explicitFileType = wrapper.cfbundle; includeInIndex = 0; path = "I Am RichTests.xctest"; sourceTree = BUILT_PRODUCTS_DIR; };
		03FF267523CCCF5C0096673F /* I_Am_RichTests.swift */ = {isa = PBXFileReference; lastKnownFileType = sourcecode.swift; path = I_Am_RichTests.swift; sourceTree = "<group>"; };
		03FF267723CCCF5C0096673F /* Info.plist */ = {isa = PBXFileReference; lastKnownFileType = text.plist.xml; path = Info.plist; sourceTree = "<group>"; };
		03FF267C23CCCF5C0096673F /* I Am RichUITests.xctest */ = {isa = PBXFileReference; explicitFileType = wrapper.cfbundle; includeInIndex = 0; path = "I Am RichUITests.xctest"; sourceTree = BUILT_PRODUCTS_DIR; };
		03FF268023CCCF5C0096673F /* I_Am_RichUITests.swift */ = {isa = PBXFileReference; lastKnownFileType = sourcecode.swift; path = I_Am_RichUITests.swift; sourceTree = "<group>"; };
		03FF268223CCCF5C0096673F /* Info.plist */ = {isa = PBXFileReference; lastKnownFileType = text.plist.xml; path = Info.plist; sourceTree = "<group>"; };
/* End PBXFileReference section */

/* Begin PBXFrameworksBuildPhase section */
		03FF265823CCCF5B0096673F /* Frameworks */ = {
			isa = PBXFrameworksBuildPhase;
			buildActionMask = 2147483647;
			files = (
			);
			runOnlyForDeploymentPostprocessing = 0;
		};
		03FF266E23CCCF5C0096673F /* Frameworks */ = {
			isa = PBXFrameworksBuildPhase;
			buildActionMask = 2147483647;
			files = (
			);
			runOnlyForDeploymentPostprocessing = 0;
		};
		03FF267923CCCF5C0096673F /* Frameworks */ = {
			isa = PBXFrameworksBuildPhase;
			buildActionMask = 2147483647;
			files = (
			);
			runOnlyForDeploymentPostprocessing = 0;
		};
/* End PBXFrameworksBuildPhase section */

/* Begin PBXGroup section */
		03FF265223CCCF5B0096673F = {
			isa = PBXGroup;
			children = (
				03FF265D23CCCF5B0096673F /* I Am Rich */,
				03FF267423CCCF5C0096673F /* I Am RichTests */,
				03FF267F23CCCF5C0096673F /* I Am RichUITests */,
				03FF265C23CCCF5B0096673F /* Products */,
			);
			sourceTree = "<group>";
		};
		03FF265C23CCCF5B0096673F /* Products */ = {
			isa = PBXGroup;
			children = (
				03FF265B23CCCF5B0096673F /* I Am Rich.app */,
				03FF267123CCCF5C0096673F /* I Am RichTests.xctest */,
				03FF267C23CCCF5C0096673F /* I Am RichUITests.xctest */,
			);
			name = Products;
			sourceTree = "<group>";
		};
		03FF265D23CCCF5B0096673F /* I Am Rich */ = {
			isa = PBXGroup;
			children = (
				03FF265E23CCCF5B0096673F /* AppDelegate.swift */,
				03FF266023CCCF5B0096673F /* SceneDelegate.swift */,
				03FF266223CCCF5B0096673F /* ViewController.swift */,
				03FF266423CCCF5B0096673F /* Main.storyboard */,
				03FF266723CCCF5C0096673F /* Assets.xcassets */,
				03FF266923CCCF5C0096673F /* LaunchScreen.storyboard */,
				03FF266C23CCCF5C0096673F /* Info.plist */,
			);
			path = "I Am Rich";
			sourceTree = "<group>";
		};
		03FF267423CCCF5C0096673F /* I Am RichTests */ = {
			isa = PBXGroup;
			children = (
				03FF267523CCCF5C0096673F /* I_Am_RichTests.swift */,
				03FF267723CCCF5C0096673F /* Info.plist */,
			);
			path = "I Am RichTests";
			sourceTree = "<group>";
		};
		03FF267F23CCCF5C0096673F /* I Am RichUITests */ = {
			isa = PBXGroup;
			children = (
				03FF268023CCCF5C0096673F /* I_Am_RichUITests.swift */,
				03FF268223CCCF5C0096673F /* Info.plist */,
			);
			path = "I Am RichUITests";
			sourceTree = "<group>";
		};
/* End PBXGroup section */

/* Begin PBXNativeTarget section */
		03FF265A23CCCF5B0096673F /* I Am Rich */ = {
			isa = PBXNativeTarget;
			buildConfigurationList = 03FF268523CCCF5C0096673F /* Build configuration list for PBXNativeTarget "I Am Rich" */;
			buildPhases = (
				03FF265723CCCF5B0096673F /* Sources */,
				03FF265823CCCF5B0096673F /* Frameworks */,
				03FF265923CCCF5B0096673F /* Resources */,
			);
			buildRules = (
			);
			dependencies = (
			);
			name = "I Am Rich";
			productName = "I Am Rich";
			productReference = 03FF265B23CCCF5B0096673F /* I Am Rich.app */;
			productType = "com.apple.product-type.application";
		};
		03FF267023CCCF5C0096673F /* I Am RichTests */ = {
			isa = PBXNativeTarget;
			buildConfigurationList = 03FF268823CCCF5C0096673F /* Build configuration list for PBXNativeTarget "I Am RichTests" */;
			buildPhases = (
				03FF266D23CCCF5C0096673F /* Sources */,
				03FF266E23CCCF5C0096673F /* Frameworks */,
				03FF266F23CCCF5C0096673F /* Resources */,
			);
			buildRules = (
			);
			dependencies = (
				03FF267323CCCF5C0096673F /* PBXTargetDependency */,
			);
			name = "I Am RichTests";
			productName = "I Am RichTests";
			productReference = 03FF267123CCCF5C0096673F /* I Am RichTests.xctest */;
			productType = "com.apple.product-type.bundle.unit-test";
		};
		03FF267B23CCCF5C0096673F /* I Am RichUITests */ = {
			isa = PBXNativeTarget;
			buildConfigurationList = 03FF268B23CCCF5C0096673F /* Build configuration list for PBXNativeTarget "I Am RichUITests" */;
			buildPhases = (
				03FF267823CCCF5C0096673F /* Sources */,
				03FF267923CCCF5C0096673F /* Frameworks */,
				03FF267A23CCCF5C0096673F /* Resources */,
			);
			buildRules = (
			);
			dependencies = (
				03FF267E23CCCF5C0096673F /* PBXTargetDependency */,
			);
			name = "I Am RichUITests";
			productName = "I Am RichUITests";
			productReference = 03FF267C23CCCF5C0096673F /* I Am RichUITests.xctest */;
			productType = "com.apple.product-type.bundle.ui-testing";
		};
/* End PBXNativeTarget section */

/* Begin PBXProject section */
		03FF265323CCCF5B0096673F /* Project object */ = {
			isa = PBXProject;
			attributes = {
				LastSwiftUpdateCheck = 1130;
				LastUpgradeCheck = 1130;
				ORGANIZATIONNAME = "Christopher Williams";
				TargetAttributes = {
					03FF265A23CCCF5B0096673F = {
						CreatedOnToolsVersion = 11.3;
					};
					03FF267023CCCF5C0096673F = {
						CreatedOnToolsVersion = 11.3;
						TestTargetID = 03FF265A23CCCF5B0096673F;
					};
					03FF267B23CCCF5C0096673F = {
						CreatedOnToolsVersion = 11.3;
						TestTargetID = 03FF265A23CCCF5B0096673F;
					};
				};
			};
			buildConfigurationList = 03FF265623CCCF5B0096673F /* Build configuration list for PBXProject "I Am Rich" */;
			compatibilityVersion = "Xcode 9.3";
			developmentRegion = en;
			hasScannedForEncodings = 0;
			knownRegions = (
				en,
				Base,
			);
			mainGroup = 03FF265223CCCF5B0096673F;
			productRefGroup = 03FF265C23CCCF5B0096673F /* Products */;
			projectDirPath = "";
			projectRoot = "";
			targets = (
				03FF265A23CCCF5B0096673F /* I Am Rich */,
				03FF267023CCCF5C0096673F /* I Am RichTests */,
				03FF267B23CCCF5C0096673F /* I Am RichUITests */,
			);
		};
/* End PBXProject section */

/* Begin PBXResourcesBuildPhase section */
		03FF265923CCCF5B0096673F /* Resources */ = {
			isa = PBXResourcesBuildPhase;
			buildActionMask = 2147483647;
			files = (
				03FF266B23CCCF5C0096673F /* LaunchScreen.storyboard in Resources */,
				03FF266823CCCF5C0096673F /* Assets.xcassets in Resources */,
				03FF266623CCCF5B0096673F /* Main.storyboard in Resources */,
			);
			runOnlyForDeploymentPostprocessing = 0;
		};
		03FF266F23CCCF5C0096673F /* Resources */ = {
			isa = PBXResourcesBuildPhase;
			buildActionMask = 2147483647;
			files = (
			);
			runOnlyForDeploymentPostprocessing = 0;
		};
		03FF267A23CCCF5C0096673F /* Resources */ = {
			isa = PBXResourcesBuildPhase;
			buildActionMask = 2147483647;
			files = (
			);
			runOnlyForDeploymentPostprocessing = 0;
		};
/* End PBXResourcesBuildPhase section */

/* Begin PBXSourcesBuildPhase section */
		03FF265723CCCF5B0096673F /* Sources */ = {
			isa = PBXSourcesBuildPhase;
			buildActionMask = 2147483647;
			files = (
				03FF266323CCCF5B0096673F /* ViewController.swift in Sources */,
				03FF265F23CCCF5B0096673F /* AppDelegate.swift in Sources */,
				03FF266123CCCF5B0096673F /* SceneDelegate.swift in Sources */,
			);
			runOnlyForDeploymentPostprocessing = 0;
		};
		03FF266D23CCCF5C0096673F /* Sources */ = {
			isa = PBXSourcesBuildPhase;
			buildActionMask = 2147483647;
			files = (
				03FF267623CCCF5C0096673F /* I_Am_RichTests.swift in Sources */,
			);
			runOnlyForDeploymentPostprocessing = 0;
		};
		03FF267823CCCF5C0096673F /* Sources */ = {
			isa = PBXSourcesBuildPhase;
			buildActionMask = 2147483647;
			files = (
				03FF268123CCCF5C0096673F /* I_Am_RichUITests.swift in Sources */,
			);
			runOnlyForDeploymentPostprocessing = 0;
		};
/* End PBXSourcesBuildPhase section */

/* Begin PBXTargetDependency section */
		03FF267323CCCF5C0096673F /* PBXTargetDependency */ = {
			isa = PBXTargetDependency;
			target = 03FF265A23CCCF5B0096673F /* I Am Rich */;
			targetProxy = 03FF267223CCCF5C0096673F /* PBXContainerItemProxy */;
		};
		03FF267E23CCCF5C0096673F /* PBXTargetDependency */ = {
			isa = PBXTargetDependency;
			target = 03FF265A23CCCF5B0096673F /* I Am Rich */;
			targetProxy = 03FF267D23CCCF5C0096673F /* PBXContainerItemProxy */;
		};
/* End PBXTargetDependency section */

/* Begin PBXVariantGroup section */
		03FF266423CCCF5B0096673F /* Main.storyboard */ = {
			isa = PBXVariantGroup;
			children = (
				03FF266523CCCF5B0096673F /* Base */,
			);
			name = Main.storyboard;
			sourceTree = "<group>";
		};
		03FF266923CCCF5C0096673F /* LaunchScreen.storyboard */ = {
			isa = PBXVariantGroup;
			children = (
				03FF266A23CCCF5C0096673F /* Base */,
			);
			name = LaunchScreen.storyboard;
			sourceTree = "<group>";
		};
/* End PBXVariantGroup section */

/* Begin XCBuildConfiguration section */
		03FF268323CCCF5C0096673F /* Debug */ = {
			isa = XCBuildConfiguration;
			buildSettings = {
				ALWAYS_SEARCH_USER_PATHS = NO;
				CLANG_ANALYZER_NONNULL = YES;
				CLANG_ANALYZER_NUMBER_OBJECT_CONVERSION = YES_AGGRESSIVE;
				CLANG_CXX_LANGUAGE_STANDARD = "gnu++14";
				CLANG_CXX_LIBRARY = "libc++";
				CLANG_ENABLE_MODULES = YES;
				CLANG_ENABLE_OBJC_ARC = YES;
				CLANG_ENABLE_OBJC_WEAK = YES;
				CLANG_WARN_BLOCK_CAPTURE_AUTORELEASING = YES;
				CLANG_WARN_BOOL_CONVERSION = YES;
				CLANG_WARN_COMMA = YES;
				CLANG_WARN_CONSTANT_CONVERSION = YES;
				CLANG_WARN_DEPRECATED_OBJC_IMPLEMENTATIONS = YES;
				CLANG_WARN_DIRECT_OBJC_ISA_USAGE = YES_ERROR;
				CLANG_WARN_DOCUMENTATION_COMMENTS = YES;
				CLANG_WARN_EMPTY_BODY = YES;
				CLANG_WARN_ENUM_CONVERSION = YES;
				CLANG_WARN_INFINITE_RECURSION = YES;
				CLANG_WARN_INT_CONVERSION = YES;
				CLANG_WARN_NON_LITERAL_NULL_CONVERSION = YES;
				CLANG_WARN_OBJC_IMPLICIT_RETAIN_SELF = YES;
				CLANG_WARN_OBJC_LITERAL_CONVERSION = YES;
				CLANG_WARN_OBJC_ROOT_CLASS = YES_ERROR;
				CLANG_WARN_RANGE_LOOP_ANALYSIS = YES;
				CLANG_WARN_STRICT_PROTOTYPES = YES;
				CLANG_WARN_SUSPICIOUS_MOVE = YES;
				CLANG_WARN_UNGUARDED_AVAILABILITY = YES_AGGRESSIVE;
				CLANG_WARN_UNREACHABLE_CODE = YES;
				CLANG_WARN__DUPLICATE_METHOD_MATCH = YES;
				COPY_PHASE_STRIP = NO;
				DEBUG_INFORMATION_FORMAT = dwarf;
				ENABLE_STRICT_OBJC_MSGSEND = YES;
				ENABLE_TESTABILITY = YES;
				GCC_C_LANGUAGE_STANDARD = gnu11;
				GCC_DYNAMIC_NO_PIC = NO;
				GCC_NO_COMMON_BLOCKS = YES;
				GCC_OPTIMIZATION_LEVEL = 0;
				GCC_PREPROCESSOR_DEFINITIONS = (
					"DEBUG=1",
					"$(inherited)",
				);
				GCC_WARN_64_TO_32_BIT_CONVERSION = YES;
				GCC_WARN_ABOUT_RETURN_TYPE = YES_ERROR;
				GCC_WARN_UNDECLARED_SELECTOR = YES;
				GCC_WARN_UNINITIALIZED_AUTOS = YES_AGGRESSIVE;
				GCC_WARN_UNUSED_FUNCTION = YES;
				GCC_WARN_UNUSED_VARIABLE = YES;
				IPHONEOS_DEPLOYMENT_TARGET = 13.2;
				MTL_ENABLE_DEBUG_INFO = INCLUDE_SOURCE;
				MTL_FAST_MATH = YES;
				ONLY_ACTIVE_ARCH = YES;
				SDKROOT = iphoneos;
				SWIFT_ACTIVE_COMPILATION_CONDITIONS = DEBUG;
				SWIFT_OPTIMIZATION_LEVEL = "-Onone";
			};
			name = Debug;
		};
		03FF268423CCCF5C0096673F /* Release */ = {
			isa = XCBuildConfiguration;
			buildSettings = {
				ALWAYS_SEARCH_USER_PATHS = NO;
				CLANG_ANALYZER_NONNULL = YES;
				CLANG_ANALYZER_NUMBER_OBJECT_CONVERSION = YES_AGGRESSIVE;
				CLANG_CXX_LANGUAGE_STANDARD = "gnu++14";
				CLANG_CXX_LIBRARY = "libc++";
				CLANG_ENABLE_MODULES = YES;
				CLANG_ENABLE_OBJC_ARC = YES;
				CLANG_ENABLE_OBJC_WEAK = YES;
				CLANG_WARN_BLOCK_CAPTURE_AUTORELEASING = YES;
				CLANG_WARN_BOOL_CONVERSION = YES;
				CLANG_WARN_COMMA = YES;
				CLANG_WARN_CONSTANT_CONVERSION = YES;
				CLANG_WARN_DEPRECATED_OBJC_IMPLEMENTATIONS = YES;
				CLANG_WARN_DIRECT_OBJC_ISA_USAGE = YES_ERROR;
				CLANG_WARN_DOCUMENTATION_COMMENTS = YES;
				CLANG_WARN_EMPTY_BODY = YES;
				CLANG_WARN_ENUM_CONVERSION = YES;
				CLANG_WARN_INFINITE_RECURSION = YES;
				CLANG_WARN_INT_CONVERSION = YES;
				CLANG_WARN_NON_LITERAL_NULL_CONVERSION = YES;
				CLANG_WARN_OBJC_IMPLICIT_RETAIN_SELF = YES;
				CLANG_WARN_OBJC_LITERAL_CONVERSION = YES;
				CLANG_WARN_OBJC_ROOT_CLASS = YES_ERROR;
				CLANG_WARN_RANGE_LOOP_ANALYSIS = YES;
				CLANG_WARN_STRICT_PROTOTYPES = YES;
				CLANG_WARN_SUSPICIOUS_MOVE = YES;
				CLANG_WARN_UNGUARDED_AVAILABILITY = YES_AGGRESSIVE;
				CLANG_WARN_UNREACHABLE_CODE = YES;
				CLANG_WARN__DUPLICATE_METHOD_MATCH = YES;
				COPY_PHASE_STRIP = NO;
				DEBUG_INFORMATION_FORMAT = "dwarf-with-dsym";
				ENABLE_NS_ASSERTIONS = NO;
				ENABLE_STRICT_OBJC_MSGSEND = YES;
				GCC_C_LANGUAGE_STANDARD = gnu11;
				GCC_NO_COMMON_BLOCKS = YES;
				GCC_WARN_64_TO_32_BIT_CONVERSION = YES;
				GCC_WARN_ABOUT_RETURN_TYPE = YES_ERROR;
				GCC_WARN_UNDECLARED_SELECTOR = YES;
				GCC_WARN_UNINITIALIZED_AUTOS = YES_AGGRESSIVE;
				GCC_WARN_UNUSED_FUNCTION = YES;
				GCC_WARN_UNUSED_VARIABLE = YES;
				IPHONEOS_DEPLOYMENT_TARGET = 13.2;
				MTL_ENABLE_DEBUG_INFO = NO;
				MTL_FAST_MATH = YES;
				SDKROOT = iphoneos;
				SWIFT_COMPILATION_MODE = wholemodule;
				SWIFT_OPTIMIZATION_LEVEL = "-O";
				VALIDATE_PRODUCT = YES;
			};
			name = Release;
		};
		03FF268623CCCF5C0096673F /* Debug */ = {
			isa = XCBuildConfiguration;
			buildSettings = {
				ASSETCATALOG_COMPILER_APPICON_NAME = AppIcon;
				CODE_SIGN_IDENTITY = "Apple Development";
				CODE_SIGN_STYLE = Automatic;
				DEVELOPMENT_TEAM = CJ53S4FHGG;
				INFOPLIST_FILE = "I Am Rich/Info.plist";
				IPHONEOS_DEPLOYMENT_TARGET = 13.0;
				LD_RUNPATH_SEARCH_PATHS = (
					"$(inherited)",
					"@executable_path/Frameworks",
				);
				PRODUCT_BUNDLE_IDENTIFIER = "com.mrchristopherwilliams.I-Am-Rich";
				PRODUCT_NAME = "$(TARGET_NAME)";
				PROVISIONING_PROFILE_SPECIFIER = "";
				SWIFT_VERSION = 5.0;
				TARGETED_DEVICE_FAMILY = "1,2";
			};
			name = Debug;
		};
		03FF268723CCCF5C0096673F /* Release */ = {
			isa = XCBuildConfiguration;
			buildSettings = {
				ASSETCATALOG_COMPILER_APPICON_NAME = AppIcon;
				CODE_SIGN_IDENTITY = "Apple Development";
				CODE_SIGN_STYLE = Automatic;
				DEVELOPMENT_TEAM = CJ53S4FHGG;
				INFOPLIST_FILE = "I Am Rich/Info.plist";
				IPHONEOS_DEPLOYMENT_TARGET = 13.0;
				LD_RUNPATH_SEARCH_PATHS = (
					"$(inherited)",
					"@executable_path/Frameworks",
				);
				PRODUCT_BUNDLE_IDENTIFIER = "com.mrchristopherwilliams.I-Am-Rich";
				PRODUCT_NAME = "$(TARGET_NAME)";
				PROVISIONING_PROFILE_SPECIFIER = "";
				SWIFT_VERSION = 5.0;
				TARGETED_DEVICE_FAMILY = "1,2";
			};
			name = Release;
		};
		03FF268923CCCF5C0096673F /* Debug */ = {
			isa = XCBuildConfiguration;
			buildSettings = {
				ALWAYS_EMBED_SWIFT_STANDARD_LIBRARIES = YES;
				BUNDLE_LOADER = "$(TEST_HOST)";
				CODE_SIGN_STYLE = Automatic;
				INFOPLIST_FILE = "I Am RichTests/Info.plist";
				IPHONEOS_DEPLOYMENT_TARGET = 13.2;
				LD_RUNPATH_SEARCH_PATHS = (
					"$(inherited)",
					"@executable_path/Frameworks",
					"@loader_path/Frameworks",
				);
				PRODUCT_BUNDLE_IDENTIFIER = "com.mrchristopherwilliams.I-Am-RichTests";
				PRODUCT_NAME = "$(TARGET_NAME)";
				SWIFT_VERSION = 5.0;
				TARGETED_DEVICE_FAMILY = "1,2";
				TEST_HOST = "$(BUILT_PRODUCTS_DIR)/I Am Rich.app/I Am Rich";
			};
			name = Debug;
		};
		03FF268A23CCCF5C0096673F /* Release */ = {
			isa = XCBuildConfiguration;
			buildSettings = {
				ALWAYS_EMBED_SWIFT_STANDARD_LIBRARIES = YES;
				BUNDLE_LOADER = "$(TEST_HOST)";
				CODE_SIGN_STYLE = Automatic;
				INFOPLIST_FILE = "I Am RichTests/Info.plist";
				IPHONEOS_DEPLOYMENT_TARGET = 13.2;
				LD_RUNPATH_SEARCH_PATHS = (
					"$(inherited)",
					"@executable_path/Frameworks",
					"@loader_path/Frameworks",
				);
				PRODUCT_BUNDLE_IDENTIFIER = "com.mrchristopherwilliams.I-Am-RichTests";
				PRODUCT_NAME = "$(TARGET_NAME)";
				SWIFT_VERSION = 5.0;
				TARGETED_DEVICE_FAMILY = "1,2";
				TEST_HOST = "$(BUILT_PRODUCTS_DIR)/I Am Rich.app/I Am Rich";
			};
			name = Release;
		};
		03FF268C23CCCF5C0096673F /* Debug */ = {
			isa = XCBuildConfiguration;
			buildSettings = {
				ALWAYS_EMBED_SWIFT_STANDARD_LIBRARIES = YES;
				CODE_SIGN_STYLE = Automatic;
				INFOPLIST_FILE = "I Am RichUITests/Info.plist";
				LD_RUNPATH_SEARCH_PATHS = (
					"$(inherited)",
					"@executable_path/Frameworks",
					"@loader_path/Frameworks",
				);
				PRODUCT_BUNDLE_IDENTIFIER = "com.mrchristopherwilliams.I-Am-RichUITests";
				PRODUCT_NAME = "$(TARGET_NAME)";
				SWIFT_VERSION = 5.0;
				TARGETED_DEVICE_FAMILY = "1,2";
				TEST_TARGET_NAME = "I Am Rich";
			};
			name = Debug;
		};
		03FF268D23CCCF5C0096673F /* Release */ = {
			isa = XCBuildConfiguration;
			buildSettings = {
				ALWAYS_EMBED_SWIFT_STANDARD_LIBRARIES = YES;
				CODE_SIGN_STYLE = Automatic;
				INFOPLIST_FILE = "I Am RichUITests/Info.plist";
				LD_RUNPATH_SEARCH_PATHS = (
					"$(inherited)",
					"@executable_path/Frameworks",
					"@loader_path/Frameworks",
				);
				PRODUCT_BUNDLE_IDENTIFIER = "com.mrchristopherwilliams.I-Am-RichUITests";
				PRODUCT_NAME = "$(TARGET_NAME)";
				SWIFT_VERSION = 5.0;
				TARGETED_DEVICE_FAMILY = "1,2";
				TEST_TARGET_NAME = "I Am Rich";
			};
			name = Release;
		};
/* End XCBuildConfiguration section */

/* Begin XCConfigurationList section */
		03FF265623CCCF5B0096673F /* Build configuration list for PBXProject "I Am Rich" */ = {
			isa = XCConfigurationList;
			buildConfigurations = (
				03FF268323CCCF5C0096673F /* Debug */,
				03FF268423CCCF5C0096673F /* Release */,
			);
			defaultConfigurationIsVisible = 0;
			defaultConfigurationName = Release;
		};
		03FF268523CCCF5C0096673F /* Build configuration list for PBXNativeTarget "I Am Rich" */ = {
			isa = XCConfigurationList;
			buildConfigurations = (
				03FF268623CCCF5C0096673F /* Debug */,
				03FF268723CCCF5C0096673F /* Release */,
			);
			defaultConfigurationIsVisible = 0;
			defaultConfigurationName = Release;
		};
		03FF268823CCCF5C0096673F /* Build configuration list for PBXNativeTarget "I Am RichTests" */ = {
			isa = XCConfigurationList;
			buildConfigurations = (
				03FF268923CCCF5C0096673F /* Debug */,
				03FF268A23CCCF5C0096673F /* Release */,
			);
			defaultConfigurationIsVisible = 0;
			defaultConfigurationName = Release;
		};
		03FF268B23CCCF5C0096673F /* Build configuration list for PBXNativeTarget "I Am RichUITests" */ = {
			isa = XCConfigurationList;
			buildConfigurations = (
				03FF268C23CCCF5C0096673F /* Debug */,
				03FF268D23CCCF5C0096673F /* Release */,
			);
			defaultConfigurationIsVisible = 0;
			defaultConfigurationName = Release;
		};
/* End XCConfigurationList section */
	};
	rootObject = 03FF265323CCCF5B0096673F /* Project object */;
}
